
Microsoft Visual Studio Solution File, Format Version 12.00
# Visual Studio 15
VisualStudioVersion = 15.0.28010.2003
MinimumVisualStudioVersion = 10.0.40219.1
Project("{FAE04EC0-301F-11D3-BF4B-00C04F79EFBC}") = "MovieWebApplication", "MovieWebApplication\MovieWebApplication.csproj", "{D1DFFA3B-32A5-4F5A-9922-65E2B19B4D72}"
EndProject
Global
	GlobalSection(SolutionConfigurationPlatforms) = preSolution
		Debug|Any CPU = Debug|Any CPU
		Release|Any CPU = Release|Any CPU
	EndGlobalSection
	GlobalSection(ProjectConfigurationPlatforms) = postSolution
		{D1DFFA3B-32A5-4F5A-9922-65E2B19B4D72}.Debug|Any CPU.ActiveCfg = Debug|Any CPU
		{D1DFFA3B-32A5-4F5A-9922-65E2B19B4D72}.Debug|Any CPU.Build.0 = Debug|Any CPU
		{D1DFFA3B-32A5-4F5A-9922-65E2B19B4D72}.Release|Any CPU.ActiveCfg = Release|Any CPU
		{D1DFFA3B-32A5-4F5A-9922-65E2B19B4D72}.Release|Any CPU.Build.0 = Release|Any CPU
	EndGlobalSection
	GlobalSection(SolutionProperties) = preSolution
		HideSolutionNode = FALSE
	EndGlobalSection
	GlobalSection(ExtensibilityGlobals) = postSolution
		SolutionGuid = {03A7D9F9-6B24-42FB-85DB-A2E93C3166B8}
	EndGlobalSection
EndGlobal
